
Microsoft Visual Studio Solution File, Format Version 12.00
# Visual Studio Version 16
VisualStudioVersion = 16.0.29326.143
MinimumVisualStudioVersion = 10.0.40219.1
Project("{FAE04EC0-301F-11D3-BF4B-00C04F79EFBC}") = "InvaxTechnology", "InvaxTechnology\InvaxTechnology.csproj", "{D63548AC-C50D-40F0-AEA4-D71DCCCD3C43}"
EndProject
Global
	GlobalSection(SolutionConfigurationPlatforms) = preSolution
		Debug|Any CPU = Debug|Any CPU
		Release|Any CPU = Release|Any CPU
	EndGlobalSection
	GlobalSection(ProjectConfigurationPlatforms) = postSolution
		{D63548AC-C50D-40F0-AEA4-D71DCCCD3C43}.Debug|Any CPU.ActiveCfg = Debug|Any CPU
		{D63548AC-C50D-40F0-AEA4-D71DCCCD3C43}.Debug|Any CPU.Build.0 = Debug|Any CPU
		{D63548AC-C50D-40F0-AEA4-D71DCCCD3C43}.Release|Any CPU.ActiveCfg = Release|Any CPU
		{D63548AC-C50D-40F0-AEA4-D71DCCCD3C43}.Release|Any CPU.Build.0 = Release|Any CPU
	EndGlobalSection
	GlobalSection(SolutionProperties) = preSolution
		HideSolutionNode = FALSE
	EndGlobalSection
	GlobalSection(ExtensibilityGlobals) = postSolution
		SolutionGuid = {879F9959-8B7C-4555-9CCC-1CDF42C95B70}
	EndGlobalSection
EndGlobal
